{
  "name": "gdw1376-cli",
  "version": "1.0.0",
  "lockfileVersion": 3,
  "requires": true,
  "packages": {
    "": {
      "name": "gdw1376-cli",
      "version": "1.0.0",
      "license": "ISC",
      "dependencies": {
        "hexy": "^0.4.0"
      }
    },
    "node_modules/hexy": {
      "version": "0.4.0",
      "resolved": "https://registry.npmjs.org/hexy/-/hexy-0.4.0.tgz",
      "integrity": "sha512-HxJ6HCV/zrSBeAVRNEhr3CE6yTlCYklMHfCVfJkp7kC+HJqSP1SQ+howWPiHK37t++ELUtgoAoGJut5HyRhIvg==",
      "license": "MIT",
      "bin": {
        "hexy": "bin/hexy_cmd.js"
      },
      "engines": {
        "node": ">=14.0.0"
      }
    }
  }
}
